
Microsoft Visual Studio Solution File, Format Version 12.00
# Visual Studio Version 16
VisualStudioVersion = 16.0.29509.3
MinimumVisualStudioVersion = 10.0.40219.1
Project("{9A19103F-16F7-4668-BE54-9A1E7A4F7556}") = "YOBA_Services", "YOBA_Services\YOBA_Services.csproj", "{0BF44217-C141-4B40-938A-47FB8BD906AE}"
EndProject
Project("{9A19103F-16F7-4668-BE54-9A1E7A4F7556}") = "YOBA_LibraryData.DAL", "YOBA_LibraryData.BLL\YOBA_LibraryData.DAL.csproj", "{365EA439-180D-49DE-9B95-25433E381B4D}"
EndProject
Project("{9A19103F-16F7-4668-BE54-9A1E7A4F7556}") = "YOBA_Tests", "ProductServiceTest\YOBA_Tests.csproj", "{918828E6-3F00-4CF9-83FF-620E0B7DB1A2}"
EndProject
Project("{9A19103F-16F7-4668-BE54-9A1E7A4F7556}") = "YOBA_BLL", "YOBA_BLL\YOBA_BLL.csproj", "{D61D8DB4-A12C-4896-B7A1-1C49AA057399}"
EndProject
Project("{FAE04EC0-301F-11D3-BF4B-00C04F79EFBC}") = "YOBA_Web", "YOBA_Web\YOBA_Web.csproj", "{56F72E37-C08B-4D8A-91CB-C3262E02A45C}"
EndProject
Global
	GlobalSection(SolutionConfigurationPlatforms) = preSolution
		Debug|Any CPU = Debug|Any CPU
		Release|Any CPU = Release|Any CPU
	EndGlobalSection
	GlobalSection(ProjectConfigurationPlatforms) = postSolution
		{0BF44217-C141-4B40-938A-47FB8BD906AE}.Debug|Any CPU.ActiveCfg = Debug|Any CPU
		{0BF44217-C141-4B40-938A-47FB8BD906AE}.Debug|Any CPU.Build.0 = Debug|Any CPU
		{0BF44217-C141-4B40-938A-47FB8BD906AE}.Release|Any CPU.ActiveCfg = Release|Any CPU
		{0BF44217-C141-4B40-938A-47FB8BD906AE}.Release|Any CPU.Build.0 = Release|Any CPU
		{365EA439-180D-49DE-9B95-25433E381B4D}.Debug|Any CPU.ActiveCfg = Debug|Any CPU
		{365EA439-180D-49DE-9B95-25433E381B4D}.Debug|Any CPU.Build.0 = Debug|Any CPU
		{365EA439-180D-49DE-9B95-25433E381B4D}.Release|Any CPU.ActiveCfg = Release|Any CPU
		{365EA439-180D-49DE-9B95-25433E381B4D}.Release|Any CPU.Build.0 = Release|Any CPU
		{918828E6-3F00-4CF9-83FF-620E0B7DB1A2}.Debug|Any CPU.ActiveCfg = Debug|Any CPU
		{918828E6-3F00-4CF9-83FF-620E0B7DB1A2}.Debug|Any CPU.Build.0 = Debug|Any CPU
		{918828E6-3F00-4CF9-83FF-620E0B7DB1A2}.Release|Any CPU.ActiveCfg = Release|Any CPU
		{918828E6-3F00-4CF9-83FF-620E0B7DB1A2}.Release|Any CPU.Build.0 = Release|Any CPU
		{D61D8DB4-A12C-4896-B7A1-1C49AA057399}.Debug|Any CPU.ActiveCfg = Debug|Any CPU
		{D61D8DB4-A12C-4896-B7A1-1C49AA057399}.Debug|Any CPU.Build.0 = Debug|Any CPU
		{D61D8DB4-A12C-4896-B7A1-1C49AA057399}.Release|Any CPU.ActiveCfg = Release|Any CPU
		{D61D8DB4-A12C-4896-B7A1-1C49AA057399}.Release|Any CPU.Build.0 = Release|Any CPU
		{56F72E37-C08B-4D8A-91CB-C3262E02A45C}.Debug|Any CPU.ActiveCfg = Debug|Any CPU
		{56F72E37-C08B-4D8A-91CB-C3262E02A45C}.Debug|Any CPU.Build.0 = Debug|Any CPU
		{56F72E37-C08B-4D8A-91CB-C3262E02A45C}.Release|Any CPU.ActiveCfg = Release|Any CPU
		{56F72E37-C08B-4D8A-91CB-C3262E02A45C}.Release|Any CPU.Build.0 = Release|Any CPU
	EndGlobalSection
	GlobalSection(SolutionProperties) = preSolution
		HideSolutionNode = FALSE
	EndGlobalSection
	GlobalSection(ExtensibilityGlobals) = postSolution
		SolutionGuid = {9928DAF5-A169-46D8-A46D-EFEFB7ADB664}
	EndGlobalSection
EndGlobal
