
Microsoft Visual Studio Solution File, Format Version 12.00
# Visual Studio Version 16
VisualStudioVersion = 16.0.29509.3
MinimumVisualStudioVersion = 10.0.40219.1
Project("{9A19103F-16F7-4668-BE54-9A1E7A4F7556}") = "YOBA_LibraryData.DAL", "YOBA_LibraryData.BLL\YOBA_LibraryData.DAL.csproj", "{365EA439-180D-49DE-9B95-25433E381B4D}"
EndProject
Project("{9A19103F-16F7-4668-BE54-9A1E7A4F7556}") = "YOBA_BLL", "YOBA_BLL\YOBA_BLL.csproj", "{D61D8DB4-A12C-4896-B7A1-1C49AA057399}"
EndProject
Project("{9A19103F-16F7-4668-BE54-9A1E7A4F7556}") = "YOBA_Tests", "YOBA_Tests\YOBA_Tests.csproj", "{C9D1B685-DD0C-49DF-99F4-B57A1ED7B91E}"
EndProject
Project("{9A19103F-16F7-4668-BE54-9A1E7A4F7556}") = "YOBA_Web", "YOBA_Web\YOBA_Web.csproj", "{BEF78D83-19FB-48FF-BD45-AA0AD655A94B}"
EndProject
Project("{9A19103F-16F7-4668-BE54-9A1E7A4F7556}") = "YOBA_Identity", "YOBA_Identity\YOBA_Identity.csproj", "{71035DC8-7FAE-4CD7-8516-2D5A69BA7EA0}"
EndProject
Project("{FAE04EC0-301F-11D3-BF4B-00C04F79EFBC}") = "JwtTest", "JwtTest\JwtTest.csproj", "{E70407B1-5BB7-4113-9BC6-744D7D399ACE}"
EndProject
Global
	GlobalSection(SolutionConfigurationPlatforms) = preSolution
		Debug|Any CPU = Debug|Any CPU
		Release|Any CPU = Release|Any CPU
	EndGlobalSection
	GlobalSection(ProjectConfigurationPlatforms) = postSolution
		{365EA439-180D-49DE-9B95-25433E381B4D}.Debug|Any CPU.ActiveCfg = Debug|Any CPU
		{365EA439-180D-49DE-9B95-25433E381B4D}.Debug|Any CPU.Build.0 = Debug|Any CPU
		{365EA439-180D-49DE-9B95-25433E381B4D}.Release|Any CPU.ActiveCfg = Release|Any CPU
		{365EA439-180D-49DE-9B95-25433E381B4D}.Release|Any CPU.Build.0 = Release|Any CPU
		{D61D8DB4-A12C-4896-B7A1-1C49AA057399}.Debug|Any CPU.ActiveCfg = Debug|Any CPU
		{D61D8DB4-A12C-4896-B7A1-1C49AA057399}.Debug|Any CPU.Build.0 = Debug|Any CPU
		{D61D8DB4-A12C-4896-B7A1-1C49AA057399}.Release|Any CPU.ActiveCfg = Release|Any CPU
		{D61D8DB4-A12C-4896-B7A1-1C49AA057399}.Release|Any CPU.Build.0 = Release|Any CPU
		{C9D1B685-DD0C-49DF-99F4-B57A1ED7B91E}.Debug|Any CPU.ActiveCfg = Debug|Any CPU
		{C9D1B685-DD0C-49DF-99F4-B57A1ED7B91E}.Debug|Any CPU.Build.0 = Debug|Any CPU
		{C9D1B685-DD0C-49DF-99F4-B57A1ED7B91E}.Release|Any CPU.ActiveCfg = Release|Any CPU
		{C9D1B685-DD0C-49DF-99F4-B57A1ED7B91E}.Release|Any CPU.Build.0 = Release|Any CPU
		{BEF78D83-19FB-48FF-BD45-AA0AD655A94B}.Debug|Any CPU.ActiveCfg = Debug|Any CPU
		{BEF78D83-19FB-48FF-BD45-AA0AD655A94B}.Debug|Any CPU.Build.0 = Debug|Any CPU
		{BEF78D83-19FB-48FF-BD45-AA0AD655A94B}.Release|Any CPU.ActiveCfg = Release|Any CPU
		{BEF78D83-19FB-48FF-BD45-AA0AD655A94B}.Release|Any CPU.Build.0 = Release|Any CPU
		{71035DC8-7FAE-4CD7-8516-2D5A69BA7EA0}.Debug|Any CPU.ActiveCfg = Debug|Any CPU
		{71035DC8-7FAE-4CD7-8516-2D5A69BA7EA0}.Debug|Any CPU.Build.0 = Debug|Any CPU
		{71035DC8-7FAE-4CD7-8516-2D5A69BA7EA0}.Release|Any CPU.ActiveCfg = Release|Any CPU
		{71035DC8-7FAE-4CD7-8516-2D5A69BA7EA0}.Release|Any CPU.Build.0 = Release|Any CPU
		{E70407B1-5BB7-4113-9BC6-744D7D399ACE}.Debug|Any CPU.ActiveCfg = Debug|Any CPU
		{E70407B1-5BB7-4113-9BC6-744D7D399ACE}.Debug|Any CPU.Build.0 = Debug|Any CPU
		{E70407B1-5BB7-4113-9BC6-744D7D399ACE}.Release|Any CPU.ActiveCfg = Release|Any CPU
		{E70407B1-5BB7-4113-9BC6-744D7D399ACE}.Release|Any CPU.Build.0 = Release|Any CPU
	EndGlobalSection
	GlobalSection(SolutionProperties) = preSolution
		HideSolutionNode = FALSE
	EndGlobalSection
	GlobalSection(ExtensibilityGlobals) = postSolution
		SolutionGuid = {9928DAF5-A169-46D8-A46D-EFEFB7ADB664}
	EndGlobalSection
EndGlobal
